<?xml version="1.0" encoding="utf-8"?>
<Project ToolsVersion="4.0" xmlns="http://schemas.microsoft.com/developer/msbuild/2003">
  <ItemGroup>
    <Filter Include="DankEngine">
      <UniqueIdentifier>{D9DD78C5-C595-BA12-2E9D-936E1A745503}</UniqueIdentifier>
    </Filter>
    <Filter Include="DankEngine\Events">
      <UniqueIdentifier>{9D5B81D2-0972-7F68-52E9-0A8ABE3E50F0}</UniqueIdentifier>
    </Filter>
  </ItemGroup>
  <ItemGroup>
    <ClInclude Include="src\Dank.h" />
    <ClInclude Include="src\DankEngine\Application.h">
      <Filter>DankEngine</Filter>
    </ClInclude>
    <ClInclude Include="src\DankEngine\Core.h">
      <Filter>DankEngine</Filter>
    </ClInclude>
    <ClInclude Include="src\DankEngine\EntryPoint.h">
      <Filter>DankEngine</Filter>
    </ClInclude>
    <ClInclude Include="src\DankEngine\Events\ApplicationEvent.h">
      <Filter>DankEngine\Events</Filter>
    </ClInclude>
    <ClInclude Include="src\DankEngine\Events\Event.h">
      <Filter>DankEngine\Events</Filter>
    </ClInclude>
    <ClInclude Include="src\DankEngine\Events\KeyEvent.h">
      <Filter>DankEngine\Events</Filter>
    </ClInclude>
    <ClInclude Include="src\DankEngine\Events\MouseEvent.h">
      <Filter>DankEngine\Events</Filter>
    </ClInclude>
    <ClInclude Include="src\DankEngine\Log.h">
      <Filter>DankEngine</Filter>
    </ClInclude>
    <ClInclude Include="src\dankpch.h" />
  </ItemGroup>
  <ItemGroup>
    <ClCompile Include="src\DankEngine\Application.cpp">
      <Filter>DankEngine</Filter>
    </ClCompile>
    <ClCompile Include="src\DankEngine\Log.cpp">
      <Filter>DankEngine</Filter>
    </ClCompile>
    <ClCompile Include="src\dankpch.cpp" />
  </ItemGroup>
</Project>